Microsoft Visual Studio Solution File, Format Version 12.00
# Visual Studio Version 17
VisualStudioVersion = 17.5.2.0
MinimumVisualStudioVersion = 10.0.40219.1
Project("{FAE04EC0-301F-11D3-BF4B-00C04F79EFBC}") = "PM24", "PM24\PM24.csproj", "{11F409EF-FEAD-547D-0A6E-C86927202A8B}"
EndProject
Global
	GlobalSection(SolutionConfigurationPlatforms) = preSolution
		Debug|Any CPU = Debug|Any CPU
		Release|Any CPU = Release|Any CPU
	EndGlobalSection
	GlobalSection(ProjectConfigurationPlatforms) = postSolution
		{11F409EF-FEAD-547D-0A6E-C86927202A8B}.Debug|Any CPU.ActiveCfg = Debug|Any CPU
		{11F409EF-FEAD-547D-0A6E-C86927202A8B}.Debug|Any CPU.Build.0 = Debug|Any CPU
		{11F409EF-FEAD-547D-0A6E-C86927202A8B}.Release|Any CPU.ActiveCfg = Release|Any CPU
		{11F409EF-FEAD-547D-0A6E-C86927202A8B}.Release|Any CPU.Build.0 = Release|Any CPU
	EndGlobalSection
	GlobalSection(SolutionProperties) = preSolution
		HideSolutionNode = FALSE
	EndGlobalSection
	GlobalSection(ExtensibilityGlobals) = postSolution
		SolutionGuid = {D08BA553-6E68-4EB4-AC5B-CC8B91282DA0}
	EndGlobalSection
EndGlobal
